
Microsoft Visual Studio Solution File, Format Version 12.00
# Visual Studio Express 2012 for Windows Phone
Project("{FAE04EC0-301F-11D3-BF4B-00C04F79EFBC}") = "PhoneDirect3DXamlApp1", "PhoneDirect3DXamlApp1\PhoneDirect3DXamlApp1.csproj", "{6DEF931A-E247-4D1B-93AE-514909DDE151}"
	ProjectSection(ProjectDependencies) = postProject
		{8C939C76-A430-450E-9607-56CEC95DEE2F} = {8C939C76-A430-450E-9607-56CEC95DEE2F}
	EndProjectSection
EndProject
Project("{8BC9CEB8-8B4A-11D0-8D11-00A0C91BC942}") = "Cocos2dWindowsPhone", "Cocos2dWindowsPhone\Cocos2dWindowsPhone.vcxproj", "{8C939C76-A430-450E-9607-56CEC95DEE2F}"
EndProject
Global
	GlobalSection(SolutionConfigurationPlatforms) = preSolution
		Debug|Any CPU = Debug|Any CPU
		Debug|ARM = Debug|ARM
		Debug|Mixed Platforms = Debug|Mixed Platforms
		Debug|Win32 = Debug|Win32
		Debug|x86 = Debug|x86
		Release|Any CPU = Release|Any CPU
		Release|ARM = Release|ARM
		Release|Mixed Platforms = Release|Mixed Platforms
		Release|Win32 = Release|Win32
		Release|x86 = Release|x86
	EndGlobalSection
	GlobalSection(ProjectConfigurationPlatforms) = postSolution
		{6DEF931A-E247-4D1B-93AE-514909DDE151}.Debug|Any CPU.ActiveCfg = Debug|Any CPU
		{6DEF931A-E247-4D1B-93AE-514909DDE151}.Debug|Any CPU.Build.0 = Debug|Any CPU
		{6DEF931A-E247-4D1B-93AE-514909DDE151}.Debug|Any CPU.Deploy.0 = Debug|Any CPU
		{6DEF931A-E247-4D1B-93AE-514909DDE151}.Debug|ARM.ActiveCfg = Debug|ARM
		{6DEF931A-E247-4D1B-93AE-514909DDE151}.Debug|ARM.Build.0 = Debug|ARM
		{6DEF931A-E247-4D1B-93AE-514909DDE151}.Debug|ARM.Deploy.0 = Debug|ARM
		{6DEF931A-E247-4D1B-93AE-514909DDE151}.Debug|Mixed Platforms.ActiveCfg = Debug|x86
		{6DEF931A-E247-4D1B-93AE-514909DDE151}.Debug|Mixed Platforms.Build.0 = Debug|x86
		{6DEF931A-E247-4D1B-93AE-514909DDE151}.Debug|Mixed Platforms.Deploy.0 = Debug|x86
		{6DEF931A-E247-4D1B-93AE-514909DDE151}.Debug|Win32.ActiveCfg = Debug|x86
		{6DEF931A-E247-4D1B-93AE-514909DDE151}.Debug|Win32.Build.0 = Debug|x86
		{6DEF931A-E247-4D1B-93AE-514909DDE151}.Debug|Win32.Deploy.0 = Debug|x86
		{6DEF931A-E247-4D1B-93AE-514909DDE151}.Debug|x86.ActiveCfg = Debug|x86
		{6DEF931A-E247-4D1B-93AE-514909DDE151}.Debug|x86.Build.0 = Debug|x86
		{6DEF931A-E247-4D1B-93AE-514909DDE151}.Debug|x86.Deploy.0 = Debug|x86
		{6DEF931A-E247-4D1B-93AE-514909DDE151}.Release|Any CPU.ActiveCfg = Release|Any CPU
		{6DEF931A-E247-4D1B-93AE-514909DDE151}.Release|Any CPU.Build.0 = Release|Any CPU
		{6DEF931A-E247-4D1B-93AE-514909DDE151}.Release|Any CPU.Deploy.0 = Release|Any CPU
		{6DEF931A-E247-4D1B-93AE-514909DDE151}.Release|ARM.ActiveCfg = Release|ARM
		{6DEF931A-E247-4D1B-93AE-514909DDE151}.Release|ARM.Build.0 = Release|ARM
		{6DEF931A-E247-4D1B-93AE-514909DDE151}.Release|ARM.Deploy.0 = Release|ARM
		{6DEF931A-E247-4D1B-93AE-514909DDE151}.Release|Mixed Platforms.ActiveCfg = Release|x86
		{6DEF931A-E247-4D1B-93AE-514909DDE151}.Release|Mixed Platforms.Build.0 = Release|x86
		{6DEF931A-E247-4D1B-93AE-514909DDE151}.Release|Mixed Platforms.Deploy.0 = Release|x86
		{6DEF931A-E247-4D1B-93AE-514909DDE151}.Release|Win32.ActiveCfg = Release|x86
		{6DEF931A-E247-4D1B-93AE-514909DDE151}.Release|Win32.Build.0 = Release|x86
		{6DEF931A-E247-4D1B-93AE-514909DDE151}.Release|Win32.Deploy.0 = Release|x86
		{6DEF931A-E247-4D1B-93AE-514909DDE151}.Release|x86.ActiveCfg = Release|x86
		{6DEF931A-E247-4D1B-93AE-514909DDE151}.Release|x86.Build.0 = Release|x86
		{6DEF931A-E247-4D1B-93AE-514909DDE151}.Release|x86.Deploy.0 = Release|x86
		{8C939C76-A430-450E-9607-56CEC95DEE2F}.Debug|Any CPU.ActiveCfg = Debug|Win32
		{8C939C76-A430-450E-9607-56CEC95DEE2F}.Debug|ARM.ActiveCfg = Debug|ARM
		{8C939C76-A430-450E-9607-56CEC95DEE2F}.Debug|ARM.Build.0 = Debug|ARM
		{8C939C76-A430-450E-9607-56CEC95DEE2F}.Debug|Mixed Platforms.ActiveCfg = Debug|Win32
		{8C939C76-A430-450E-9607-56CEC95DEE2F}.Debug|Mixed Platforms.Build.0 = Debug|Win32
		{8C939C76-A430-450E-9607-56CEC95DEE2F}.Debug|Win32.ActiveCfg = Debug|Win32
		{8C939C76-A430-450E-9607-56CEC95DEE2F}.Debug|Win32.Build.0 = Debug|Win32
		{8C939C76-A430-450E-9607-56CEC95DEE2F}.Debug|x86.ActiveCfg = Debug|Win32
		{8C939C76-A430-450E-9607-56CEC95DEE2F}.Debug|x86.Build.0 = Debug|Win32
		{8C939C76-A430-450E-9607-56CEC95DEE2F}.Release|Any CPU.ActiveCfg = Release|Win32
		{8C939C76-A430-450E-9607-56CEC95DEE2F}.Release|ARM.ActiveCfg = Release|ARM
		{8C939C76-A430-450E-9607-56CEC95DEE2F}.Release|ARM.Build.0 = Release|ARM
		{8C939C76-A430-450E-9607-56CEC95DEE2F}.Release|Mixed Platforms.ActiveCfg = Release|Win32
		{8C939C76-A430-450E-9607-56CEC95DEE2F}.Release|Mixed Platforms.Build.0 = Release|Win32
		{8C939C76-A430-450E-9607-56CEC95DEE2F}.Release|Win32.ActiveCfg = Release|Win32
		{8C939C76-A430-450E-9607-56CEC95DEE2F}.Release|Win32.Build.0 = Release|Win32
		{8C939C76-A430-450E-9607-56CEC95DEE2F}.Release|x86.ActiveCfg = Release|Win32
		{8C939C76-A430-450E-9607-56CEC95DEE2F}.Release|x86.Build.0 = Release|Win32
	EndGlobalSection
	GlobalSection(SolutionProperties) = preSolution
		HideSolutionNode = FALSE
	EndGlobalSection
EndGlobal
